Microsoft Visual Studio Solution File, Format Version 12.00
# Visual Studio 15
VisualStudioVersion = 15.0.27130.2026
MinimumVisualStudioVersion = 15.0.26124.0
Project("{9A19103F-16F7-4668-BE54-9A1E7A4F7556}") = "moraba", "moraba\moraba.csproj", "{47545A02-BAE7-49B8-B11A-5648A12E2CC2}"
EndProject
Project("{9A19103F-16F7-4668-BE54-9A1E7A4F7556}") = "moraba.Test", "moraba.Test\moraba.Test.csproj", "{1B248A08-B011-4034-A0F6-72ADA6717BF3}"
EndProject
Global
	GlobalSection(SolutionConfigurationPlatforms) = preSolution
		Debug|Any CPU = Debug|Any CPU
		Debug|x64 = Debug|x64
		Debug|x86 = Debug|x86
		Release|Any CPU = Release|Any CPU
		Release|x64 = Release|x64
		Release|x86 = Release|x86
	EndGlobalSection
	GlobalSection(ProjectConfigurationPlatforms) = postSolution
		{47545A02-BAE7-49B8-B11A-5648A12E2CC2}.Debug|Any CPU.ActiveCfg = Debug|Any CPU
		{47545A02-BAE7-49B8-B11A-5648A12E2CC2}.Debug|Any CPU.Build.0 = Debug|Any CPU
		{47545A02-BAE7-49B8-B11A-5648A12E2CC2}.Debug|x64.ActiveCfg = Debug|Any CPU
		{47545A02-BAE7-49B8-B11A-5648A12E2CC2}.Debug|x64.Build.0 = Debug|Any CPU
		{47545A02-BAE7-49B8-B11A-5648A12E2CC2}.Debug|x86.ActiveCfg = Debug|Any CPU
		{47545A02-BAE7-49B8-B11A-5648A12E2CC2}.Debug|x86.Build.0 = Debug|Any CPU
		{47545A02-BAE7-49B8-B11A-5648A12E2CC2}.Release|Any CPU.ActiveCfg = Release|Any CPU
		{47545A02-BAE7-49B8-B11A-5648A12E2CC2}.Release|Any CPU.Build.0 = Release|Any CPU
		{47545A02-BAE7-49B8-B11A-5648A12E2CC2}.Release|x64.ActiveCfg = Release|Any CPU
		{47545A02-BAE7-49B8-B11A-5648A12E2CC2}.Release|x64.Build.0 = Release|Any CPU
		{47545A02-BAE7-49B8-B11A-5648A12E2CC2}.Release|x86.ActiveCfg = Release|Any CPU
		{47545A02-BAE7-49B8-B11A-5648A12E2CC2}.Release|x86.Build.0 = Release|Any CPU
		{1B248A08-B011-4034-A0F6-72ADA6717BF3}.Debug|Any CPU.ActiveCfg = Debug|Any CPU
		{1B248A08-B011-4034-A0F6-72ADA6717BF3}.Debug|Any CPU.Build.0 = Debug|Any CPU
		{1B248A08-B011-4034-A0F6-72ADA6717BF3}.Debug|x64.ActiveCfg = Debug|Any CPU
		{1B248A08-B011-4034-A0F6-72ADA6717BF3}.Debug|x64.Build.0 = Debug|Any CPU
		{1B248A08-B011-4034-A0F6-72ADA6717BF3}.Debug|x86.ActiveCfg = Debug|Any CPU
		{1B248A08-B011-4034-A0F6-72ADA6717BF3}.Debug|x86.Build.0 = Debug|Any CPU
		{1B248A08-B011-4034-A0F6-72ADA6717BF3}.Release|Any CPU.ActiveCfg = Release|Any CPU
		{1B248A08-B011-4034-A0F6-72ADA6717BF3}.Release|Any CPU.Build.0 = Release|Any CPU
		{1B248A08-B011-4034-A0F6-72ADA6717BF3}.Release|x64.ActiveCfg = Release|Any CPU
		{1B248A08-B011-4034-A0F6-72ADA6717BF3}.Release|x64.Build.0 = Release|Any CPU
		{1B248A08-B011-4034-A0F6-72ADA6717BF3}.Release|x86.ActiveCfg = Release|Any CPU
		{1B248A08-B011-4034-A0F6-72ADA6717BF3}.Release|x86.Build.0 = Release|Any CPU
	EndGlobalSection
	GlobalSection(SolutionProperties) = preSolution
		HideSolutionNode = FALSE
	EndGlobalSection
	GlobalSection(ExtensibilityGlobals) = postSolution
		SolutionGuid = {8B6B84A9-83E6-45F2-8A29-ED81753172BA}
	EndGlobalSection
EndGlobal
